{
  "nodes": {
    "glove80-zmk": {
      "flake": false,
      "locked": {
        "lastModified": 1699073087,
        "narHash": "sha256-cAHgBInaKgNMeu4cVEeYrUTuJ0K4bAN2gzEvUW2cI+s=",
        "owner": "moergo-sc",
        "repo": "zmk",
        "rev": "b96441aea39f61758c2a9d2f0e4fbcdce18d7954",
        "type": "github"
      },
      "original": {
        "owner": "moergo-sc",
        "repo": "zmk",
        "type": "github"
      }
    },
    "nixpkgs": {
      "locked": {
        "lastModified": 1699099776,
        "narHash": "sha256-X09iKJ27mGsGambGfkKzqvw5esP1L/Rf8H3u3fCqIiU=",
        "owner": "nixos",
        "repo": "nixpkgs",
        "rev": "85f1ba3e51676fa8cc604a3d863d729026a6b8eb",
        "type": "github"
      },
      "original": {
        "owner": "nixos",
        "ref": "nixos-unstable",
        "repo": "nixpkgs",
        "type": "github"
      }
    },
    "root": {
      "inputs": {
        "glove80-zmk": "glove80-zmk",
        "nixpkgs": "nixpkgs"
      }
    }
  },
  "root": "root",
  "version": 7
}
