{
  "nodes": {
    "glove80-zmk": {
      "flake": false,
      "locked": {
        "lastModified": 1702892891,
        "narHash": "sha256-KVQGQHsKil7vEQXTI6fwGXt7idX4n4yuOJQ4x9kF0ac=",
        "owner": "moergo-sc",
        "repo": "zmk",
        "rev": "e3bf640ffff6235540082e7236dd46cb51ba9d54",
        "type": "github"
      },
      "original": {
        "owner": "moergo-sc",
        "repo": "zmk",
        "type": "github"
      }
    },
    "nixpkgs": {
      "locked": {
        "lastModified": 1703013332,
        "narHash": "sha256-+tFNwMvlXLbJZXiMHqYq77z/RfmpfpiI3yjL6o/Zo9M=",
        "owner": "nixos",
        "repo": "nixpkgs",
        "rev": "54aac082a4d9bb5bbc5c4e899603abfb76a3f6d6",
        "type": "github"
      },
      "original": {
        "owner": "nixos",
        "ref": "nixos-unstable",
        "repo": "nixpkgs",
        "type": "github"
      }
    },
    "root": {
      "inputs": {
        "glove80-zmk": "glove80-zmk",
        "nixpkgs": "nixpkgs"
      }
    }
  },
  "root": "root",
  "version": 7
}
